{
 "graph_lock": {
  "nodes": {
   "0": {
    "options": "",
    "requires": [
     "1"
    ],
    "path": "conanfile.txt",
    "context": "host"
   },
   "1": {
    "ref": "hello/0.1@craigc/testing#2a24a468f11eed7996d489420a9f4c4f",
    "options": "",
    "package_id": "062863c92a5a0a247840166e9f84ebe8d10786b9",
    "prev": "a1fb8b814cb39b2de16d1564942e3f84",
    "context": "host"
   }
  },
  "revisions_enabled": true
 },
 "version": "0.4",
 "profile_host": "[settings]\narch=x86_64\narch_build=x86_64\nbuild_type=Release\ncompiler=gcc\ncompiler.libcxx=libstdc++11\ncompiler.version=11\nos=Linux\nos_build=Linux\n[options]\n[build_requires]\n[env]\n"
}